
Microsoft Visual Studio Solution File, Format Version 12.00
# Visual Studio Version 16
VisualStudioVersion = 16.0.29123.88
MinimumVisualStudioVersion = 10.0.40219.1
Project("{9A19103F-16F7-4668-BE54-9A1E7A4F7556}") = "Sample.AzureKeyVault", "Sample.AzureKeyVault\Sample.AzureKeyVault.csproj", "{BDBBC024-4639-4B8D-B6FC-745F9AA2C8BE}"
EndProject
Project("{9A19103F-16F7-4668-BE54-9A1E7A4F7556}") = "Sample.AzureKeyVault.Test", "Sample.AzureKeyVault.Test\Sample.AzureKeyVault.Test.csproj", "{865829F9-52F0-4624-BD64-9807726116CF}"
EndProject
Global
	GlobalSection(SolutionConfigurationPlatforms) = preSolution
		Debug|Any CPU = Debug|Any CPU
		Release|Any CPU = Release|Any CPU
	EndGlobalSection
	GlobalSection(ProjectConfigurationPlatforms) = postSolution
		{BDBBC024-4639-4B8D-B6FC-745F9AA2C8BE}.Debug|Any CPU.ActiveCfg = Debug|Any CPU
		{BDBBC024-4639-4B8D-B6FC-745F9AA2C8BE}.Debug|Any CPU.Build.0 = Debug|Any CPU
		{BDBBC024-4639-4B8D-B6FC-745F9AA2C8BE}.Release|Any CPU.ActiveCfg = Release|Any CPU
		{BDBBC024-4639-4B8D-B6FC-745F9AA2C8BE}.Release|Any CPU.Build.0 = Release|Any CPU
		{865829F9-52F0-4624-BD64-9807726116CF}.Debug|Any CPU.ActiveCfg = Debug|Any CPU
		{865829F9-52F0-4624-BD64-9807726116CF}.Debug|Any CPU.Build.0 = Debug|Any CPU
		{865829F9-52F0-4624-BD64-9807726116CF}.Release|Any CPU.ActiveCfg = Release|Any CPU
		{865829F9-52F0-4624-BD64-9807726116CF}.Release|Any CPU.Build.0 = Release|Any CPU
	EndGlobalSection
	GlobalSection(SolutionProperties) = preSolution
		HideSolutionNode = FALSE
	EndGlobalSection
	GlobalSection(ExtensibilityGlobals) = postSolution
		SolutionGuid = {4BE1FEC8-E213-46B3-A0F6-7BFA00D36142}
	EndGlobalSection
EndGlobal
